// !$*UTF8*$!
{
	archiveVersion = 1;
	classes = {
	};
	objectVersion = 46;
	objects = {

/* Begin PBXBuildFile section */
		D40C8FB61DE67415008B7801 /* main.m in Sources */ = {isa = PBXBuildFile; fileRef = D40C8FB51DE67415008B7801 /* main.m */; };
		D40C8FB91DE67415008B7801 /* AppDelegate.m in Sources */ = {isa = PBXBuildFile; fileRef = D40C8FB81DE67415008B7801 /* AppDelegate.m */; };
		D40C8FBC1DE67415008B7801 /* ViewController.m in Sources */ = {isa = PBXBuildFile; fileRef = D40C8FBB1DE67415008B7801 /* ViewController.m */; };
		D40C8FBF1DE67415008B7801 /* Main.storyboard in Resources */ = {isa = PBXBuildFile; fileRef = D40C8FBD1DE67415008B7801 /* Main.storyboard */; };
		D40C8FC11DE67415008B7801 /* Assets.xcassets in Resources */ = {isa = PBXBuildFile; fileRef = D40C8FC01DE67415008B7801 /* Assets.xcassets */; };
		D40C8FC41DE67415008B7801 /* LaunchScreen.storyboard in Resources */ = {isa = PBXBuildFile; fileRef = D40C8FC21DE67415008B7801 /* LaunchScreen.storyboard */; };
		D40C8FD01DE67526008B7801 /* Globe.m in Sources */ = {isa = PBXBuildFile; fileRef = D40C8FCF1DE67526008B7801 /* Globe.m */; };
		D40C8FE31DE677B7008B7801 /* MMDrawerBarButtonItem.m in Sources */ = {isa = PBXBuildFile; fileRef = D40C8FDB1DE677B7008B7801 /* MMDrawerBarButtonItem.m */; };
		D40C8FE41DE677B7008B7801 /* MMDrawerController.m in Sources */ = {isa = PBXBuildFile; fileRef = D40C8FDD1DE677B7008B7801 /* MMDrawerController.m */; };
		D40C8FE51DE677B7008B7801 /* MMDrawerVisualState.m in Sources */ = {isa = PBXBuildFile; fileRef = D40C8FE01DE677B7008B7801 /* MMDrawerVisualState.m */; };
		D40C8FE61DE677B7008B7801 /* UIViewController+MMDrawerController.m in Sources */ = {isa = PBXBuildFile; fileRef = D40C8FE21DE677B7008B7801 /* UIViewController+MMDrawerController.m */; };
		D40C8FED1DE67836008B7801 /* LaunchViewController.m in Sources */ = {isa = PBXBuildFile; fileRef = D40C8FEC1DE67836008B7801 /* LaunchViewController.m */; };
		D40C8FF01DE67A0E008B7801 /* JumpViewController.m in Sources */ = {isa = PBXBuildFile; fileRef = D40C8FEF1DE67A0E008B7801 /* JumpViewController.m */; };
		D40C8FF31DE67A9A008B7801 /* BasicViewController.m in Sources */ = {isa = PBXBuildFile; fileRef = D40C8FF21DE67A9A008B7801 /* BasicViewController.m */; };
		D40C8FF61DE67ADD008B7801 /* FirstViewController.m in Sources */ = {isa = PBXBuildFile; fileRef = D40C8FF51DE67ADD008B7801 /* FirstViewController.m */; };
		D40C8FF91DE67AED008B7801 /* SecondViewController.m in Sources */ = {isa = PBXBuildFile; fileRef = D40C8FF81DE67AED008B7801 /* SecondViewController.m */; };
		D40C8FFC1DE67C4D008B7801 /* LeftViewController.m in Sources */ = {isa = PBXBuildFile; fileRef = D40C8FFB1DE67C4D008B7801 /* LeftViewController.m */; };
		D40C8FFF1DE67C5C008B7801 /* RightViewController.m in Sources */ = {isa = PBXBuildFile; fileRef = D40C8FFE1DE67C5C008B7801 /* RightViewController.m */; };
		D40C90021DE69D63008B7801 /* CurrentInformationViewController.m in Sources */ = {isa = PBXBuildFile; fileRef = D40C90011DE69D63008B7801 /* CurrentInformationViewController.m */; };
/* End PBXBuildFile section */

/* Begin PBXFileReference section */
		D40C8FB11DE67415008B7801 /* JumpDemo.app */ = {isa = PBXFileReference; explicitFileType = wrapper.application; includeInIndex = 0; path = JumpDemo.app; sourceTree = BUILT_PRODUCTS_DIR; };
		D40C8FB51DE67415008B7801 /* main.m */ = {isa = PBXFileReference; lastKnownFileType = sourcecode.c.objc; path = main.m; sourceTree = "<group>"; };
		D40C8FB71DE67415008B7801 /* AppDelegate.h */ = {isa = PBXFileReference; lastKnownFileType = sourcecode.c.h; path = AppDelegate.h; sourceTree = "<group>"; };
		D40C8FB81DE67415008B7801 /* AppDelegate.m */ = {isa = PBXFileReference; lastKnownFileType = sourcecode.c.objc; path = AppDelegate.m; sourceTree = "<group>"; };
		D40C8FBA1DE67415008B7801 /* ViewController.h */ = {isa = PBXFileReference; lastKnownFileType = sourcecode.c.h; path = ViewController.h; sourceTree = "<group>"; };
		D40C8FBB1DE67415008B7801 /* ViewController.m */ = {isa = PBXFileReference; lastKnownFileType = sourcecode.c.objc; path = ViewController.m; sourceTree = "<group>"; };
		D40C8FBE1DE67415008B7801 /* Base */ = {isa = PBXFileReference; lastKnownFileType = file.storyboard; name = Base; path = Base.lproj/Main.storyboard; sourceTree = "<group>"; };
		D40C8FC01DE67415008B7801 /* Assets.xcassets */ = {isa = PBXFileReference; lastKnownFileType = folder.assetcatalog; path = Assets.xcassets; sourceTree = "<group>"; };
		D40C8FC31DE67415008B7801 /* Base */ = {isa = PBXFileReference; lastKnownFileType = file.storyboard; name = Base; path = Base.lproj/LaunchScreen.storyboard; sourceTree = "<group>"; };
		D40C8FC51DE67415008B7801 /* Info.plist */ = {isa = PBXFileReference; lastKnownFileType = text.plist.xml; path = Info.plist; sourceTree = "<group>"; };
		D40C8FCE1DE67526008B7801 /* Globe.h */ = {isa = PBXFileReference; fileEncoding = 4; lastKnownFileType = sourcecode.c.h; name = Globe.h; path = Model/Globe.h; sourceTree = "<group>"; };
		D40C8FCF1DE67526008B7801 /* Globe.m */ = {isa = PBXFileReference; fileEncoding = 4; lastKnownFileType = sourcecode.c.objc; name = Globe.m; path = Model/Globe.m; sourceTree = "<group>"; };
		D40C8FD11DE675E2008B7801 /* MacroOfDefine_Const.h */ = {isa = PBXFileReference; lastKnownFileType = sourcecode.c.h; name = MacroOfDefine_Const.h; path = Model/Macros/MacroOfDefine_Const.h; sourceTree = "<group>"; };
		D40C8FDA1DE677B7008B7801 /* MMDrawerBarButtonItem.h */ = {isa = PBXFileReference; fileEncoding = 4; lastKnownFileType = sourcecode.c.h; name = MMDrawerBarButtonItem.h; path = Resource/MMDrawerController/MMDrawerBarButtonItem.h; sourceTree = "<group>"; };
		D40C8FDB1DE677B7008B7801 /* MMDrawerBarButtonItem.m */ = {isa = PBXFileReference; fileEncoding = 4; lastKnownFileType = sourcecode.c.objc; name = MMDrawerBarButtonItem.m; path = Resource/MMDrawerController/MMDrawerBarButtonItem.m; sourceTree = "<group>"; };
		D40C8FDC1DE677B7008B7801 /* MMDrawerController.h */ = {isa = PBXFileReference; fileEncoding = 4; lastKnownFileType = sourcecode.c.h; name = MMDrawerController.h; path = Resource/MMDrawerController/MMDrawerController.h; sourceTree = "<group>"; };
		D40C8FDD1DE677B7008B7801 /* MMDrawerController.m */ = {isa = PBXFileReference; fileEncoding = 4; lastKnownFileType = sourcecode.c.objc; name = MMDrawerController.m; path = Resource/MMDrawerController/MMDrawerController.m; sourceTree = "<group>"; };
		D40C8FDE1DE677B7008B7801 /* MMDrawerController+Subclass.h */ = {isa = PBXFileReference; fileEncoding = 4; lastKnownFileType = sourcecode.c.h; name = "MMDrawerController+Subclass.h"; path = "Resource/MMDrawerController/MMDrawerController+Subclass.h"; sourceTree = "<group>"; };
		D40C8FDF1DE677B7008B7801 /* MMDrawerVisualState.h */ = {isa = PBXFileReference; fileEncoding = 4; lastKnownFileType = sourcecode.c.h; name = MMDrawerVisualState.h; path = Resource/MMDrawerController/MMDrawerVisualState.h; sourceTree = "<group>"; };
		D40C8FE01DE677B7008B7801 /* MMDrawerVisualState.m */ = {isa = PBXFileReference; fileEncoding = 4; lastKnownFileType = sourcecode.c.objc; name = MMDrawerVisualState.m; path = Resource/MMDrawerController/MMDrawerVisualState.m; sourceTree = "<group>"; };
		D40C8FE11DE677B7008B7801 /* UIViewController+MMDrawerController.h */ = {isa = PBXFileReference; fileEncoding = 4; lastKnownFileType = sourcecode.c.h; name = "UIViewController+MMDrawerController.h"; path = "Resource/MMDrawerController/UIViewController+MMDrawerController.h"; sourceTree = "<group>"; };
		D40C8FE21DE677B7008B7801 /* UIViewController+MMDrawerController.m */ = {isa = PBXFileReference; fileEncoding = 4; lastKnownFileType = sourcecode.c.objc; name = "UIViewController+MMDrawerController.m"; path = "Resource/MMDrawerController/UIViewController+MMDrawerController.m"; sourceTree = "<group>"; };
		D40C8FEB1DE67836008B7801 /* LaunchViewController.h */ = {isa = PBXFileReference; fileEncoding = 4; lastKnownFileType = sourcecode.c.h; name = LaunchViewController.h; path = Controller/LaunchViewController.h; sourceTree = "<group>"; };
		D40C8FEC1DE67836008B7801 /* LaunchViewController.m */ = {isa = PBXFileReference; fileEncoding = 4; lastKnownFileType = sourcecode.c.objc; name = LaunchViewController.m; path = Controller/LaunchViewController.m; sourceTree = "<group>"; };
		D40C8FEE1DE67A0E008B7801 /* JumpViewController.h */ = {isa = PBXFileReference; fileEncoding = 4; lastKnownFileType = sourcecode.c.h; name = JumpViewController.h; path = Controller/JumpViewController.h; sourceTree = "<group>"; };
		D40C8FEF1DE67A0E008B7801 /* JumpViewController.m */ = {isa = PBXFileReference; fileEncoding = 4; lastKnownFileType = sourcecode.c.objc; name = JumpViewController.m; path = Controller/JumpViewController.m; sourceTree = "<group>"; };
		D40C8FF11DE67A9A008B7801 /* BasicViewController.h */ = {isa = PBXFileReference; fileEncoding = 4; lastKnownFileType = sourcecode.c.h; name = BasicViewController.h; path = Controller/BasicViewController.h; sourceTree = "<group>"; };
		D40C8FF21DE67A9A008B7801 /* BasicViewController.m */ = {isa = PBXFileReference; fileEncoding = 4; lastKnownFileType = sourcecode.c.objc; name = BasicViewController.m; path = Controller/BasicViewController.m; sourceTree = "<group>"; };
		D40C8FF41DE67ADD008B7801 /* FirstViewController.h */ = {isa = PBXFileReference; fileEncoding = 4; lastKnownFileType = sourcecode.c.h; name = FirstViewController.h; path = Controller/FirstViewController.h; sourceTree = "<group>"; };
		D40C8FF51DE67ADD008B7801 /* FirstViewController.m */ = {isa = PBXFileReference; fileEncoding = 4; lastKnownFileType = sourcecode.c.objc; name = FirstViewController.m; path = Controller/FirstViewController.m; sourceTree = "<group>"; };
		D40C8FF71DE67AED008B7801 /* SecondViewController.h */ = {isa = PBXFileReference; fileEncoding = 4; lastKnownFileType = sourcecode.c.h; name = SecondViewController.h; path = Controller/SecondViewController.h; sourceTree = "<group>"; };
		D40C8FF81DE67AED008B7801 /* SecondViewController.m */ = {isa = PBXFileReference; fileEncoding = 4; lastKnownFileType = sourcecode.c.objc; name = SecondViewController.m; path = Controller/SecondViewController.m; sourceTree = "<group>"; };
		D40C8FFA1DE67C4D008B7801 /* LeftViewController.h */ = {isa = PBXFileReference; fileEncoding = 4; lastKnownFileType = sourcecode.c.h; name = LeftViewController.h; path = Controller/LeftViewController.h; sourceTree = "<group>"; };
		D40C8FFB1DE67C4D008B7801 /* LeftViewController.m */ = {isa = PBXFileReference; fileEncoding = 4; lastKnownFileType = sourcecode.c.objc; name = LeftViewController.m; path = Controller/LeftViewController.m; sourceTree = "<group>"; };
		D40C8FFD1DE67C5C008B7801 /* RightViewController.h */ = {isa = PBXFileReference; fileEncoding = 4; lastKnownFileType = sourcecode.c.h; name = RightViewController.h; path = Controller/RightViewController.h; sourceTree = "<group>"; };
		D40C8FFE1DE67C5C008B7801 /* RightViewController.m */ = {isa = PBXFileReference; fileEncoding = 4; lastKnownFileType = sourcecode.c.objc; name = RightViewController.m; path = Controller/RightViewController.m; sourceTree = "<group>"; };
		D40C90001DE69D63008B7801 /* CurrentInformationViewController.h */ = {isa = PBXFileReference; fileEncoding = 4; lastKnownFileType = sourcecode.c.h; name = CurrentInformationViewController.h; path = Controller/CurrentInformationViewController.h; sourceTree = "<group>"; };
		D40C90011DE69D63008B7801 /* CurrentInformationViewController.m */ = {isa = PBXFileReference; fileEncoding = 4; lastKnownFileType = sourcecode.c.objc; name = CurrentInformationViewController.m; path = Controller/CurrentInformationViewController.m; sourceTree = "<group>"; };
/* End PBXFileReference section */

/* Begin PBXFrameworksBuildPhase section */
		D40C8FAE1DE67415008B7801 /* Frameworks */ = {
			isa = PBXFrameworksBuildPhase;
			buildActionMask = 2147483647;
			files = (
			);
			runOnlyForDeploymentPostprocessing = 0;
		};
/* End PBXFrameworksBuildPhase section */

/* Begin PBXGroup section */
		D40C8FA81DE67415008B7801 = {
			isa = PBXGroup;
			children = (
				D40C8FB31DE67415008B7801 /* JumpDemo */,
				D40C8FB21DE67415008B7801 /* Products */,
			);
			sourceTree = "<group>";
		};
		D40C8FB21DE67415008B7801 /* Products */ = {
			isa = PBXGroup;
			children = (
				D40C8FB11DE67415008B7801 /* JumpDemo.app */,
			);
			name = Products;
			sourceTree = "<group>";
		};
		D40C8FB31DE67415008B7801 /* JumpDemo */ = {
			isa = PBXGroup;
			children = (
				D40C8FD31DE676DF008B7801 /* Resource */,
				D40C8FD21DE6765D008B7801 /* Controller */,
				D40C8FCC1DE6748E008B7801 /* Model */,
				D40C8FCB1DE67475008B7801 /* App */,
				D40C8FBA1DE67415008B7801 /* ViewController.h */,
				D40C8FBB1DE67415008B7801 /* ViewController.m */,
			);
			path = JumpDemo;
			sourceTree = "<group>";
		};
		D40C8FB41DE67415008B7801 /* Supporting Files */ = {
			isa = PBXGroup;
			children = (
				D40C8FB51DE67415008B7801 /* main.m */,
			);
			name = "Supporting Files";
			sourceTree = "<group>";
		};
		D40C8FCB1DE67475008B7801 /* App */ = {
			isa = PBXGroup;
			children = (
				D40C8FB71DE67415008B7801 /* AppDelegate.h */,
				D40C8FB81DE67415008B7801 /* AppDelegate.m */,
				D40C8FBD1DE67415008B7801 /* Main.storyboard */,
				D40C8FC01DE67415008B7801 /* Assets.xcassets */,
				D40C8FC21DE67415008B7801 /* LaunchScreen.storyboard */,
				D40C8FC51DE67415008B7801 /* Info.plist */,
				D40C8FB41DE67415008B7801 /* Supporting Files */,
			);
			name = App;
			sourceTree = "<group>";
		};
		D40C8FCC1DE6748E008B7801 /* Model */ = {
			isa = PBXGroup;
			children = (
				D40C8FCE1DE67526008B7801 /* Globe.h */,
				D40C8FCF1DE67526008B7801 /* Globe.m */,
				D40C8FCD1DE67497008B7801 /* Macros */,
			);
			name = Model;
			sourceTree = "<group>";
		};
		D40C8FCD1DE67497008B7801 /* Macros */ = {
			isa = PBXGroup;
			children = (
				D40C8FD11DE675E2008B7801 /* MacroOfDefine_Const.h */,
			);
			name = Macros;
			sourceTree = "<group>";
		};
		D40C8FD21DE6765D008B7801 /* Controller */ = {
			isa = PBXGroup;
			children = (
				D40C8FEA1DE67817008B7801 /* OtherView */,
				D40C8FE91DE6780D008B7801 /* JumpView */,
				D40C8FE81DE67803008B7801 /* LaunchView */,
				D40C8FE71DE677F5008B7801 /* BasicNavigation */,
			);
			name = Controller;
			sourceTree = "<group>";
		};
		D40C8FD31DE676DF008B7801 /* Resource */ = {
			isa = PBXGroup;
			children = (
				D40C8FD41DE676F3008B7801 /* Lib */,
			);
			name = Resource;
			sourceTree = "<group>";
		};
		D40C8FD41DE676F3008B7801 /* Lib */ = {
			isa = PBXGroup;
			children = (
				D40C8FD91DE677A0008B7801 /* MMDrawerController */,
			);
			name = Lib;
			sourceTree = "<group>";
		};
		D40C8FD91DE677A0008B7801 /* MMDrawerController */ = {
			isa = PBXGroup;
			children = (
				D40C8FDA1DE677B7008B7801 /* MMDrawerBarButtonItem.h */,
				D40C8FDB1DE677B7008B7801 /* MMDrawerBarButtonItem.m */,
				D40C8FDC1DE677B7008B7801 /* MMDrawerController.h */,
				D40C8FDD1DE677B7008B7801 /* MMDrawerController.m */,
				D40C8FDE1DE677B7008B7801 /* MMDrawerController+Subclass.h */,
				D40C8FDF1DE677B7008B7801 /* MMDrawerVisualState.h */,
				D40C8FE01DE677B7008B7801 /* MMDrawerVisualState.m */,
				D40C8FE11DE677B7008B7801 /* UIViewController+MMDrawerController.h */,
				D40C8FE21DE677B7008B7801 /* UIViewController+MMDrawerController.m */,
			);
			name = MMDrawerController;
			sourceTree = "<group>";
		};
		D40C8FE71DE677F5008B7801 /* BasicNavigation */ = {
			isa = PBXGroup;
			children = (
				D40C8FF11DE67A9A008B7801 /* BasicViewController.h */,
				D40C8FF21DE67A9A008B7801 /* BasicViewController.m */,
			);
			name = BasicNavigation;
			sourceTree = "<group>";
		};
		D40C8FE81DE67803008B7801 /* LaunchView */ = {
			isa = PBXGroup;
			children = (
				D40C8FEB1DE67836008B7801 /* LaunchViewController.h */,
				D40C8FEC1DE67836008B7801 /* LaunchViewController.m */,
			);
			name = LaunchView;
			sourceTree = "<group>";
		};
		D40C8FE91DE6780D008B7801 /* JumpView */ = {
			isa = PBXGroup;
			children = (
				D40C8FEE1DE67A0E008B7801 /* JumpViewController.h */,
				D40C8FEF1DE67A0E008B7801 /* JumpViewController.m */,
			);
			name = JumpView;
			sourceTree = "<group>";
		};
		D40C8FEA1DE67817008B7801 /* OtherView */ = {
			isa = PBXGroup;
			children = (
				D40C8FF41DE67ADD008B7801 /* FirstViewController.h */,
				D40C8FF51DE67ADD008B7801 /* FirstViewController.m */,
				D40C8FF71DE67AED008B7801 /* SecondViewController.h */,
				D40C8FF81DE67AED008B7801 /* SecondViewController.m */,
				D40C8FFA1DE67C4D008B7801 /* LeftViewController.h */,
				D40C8FFB1DE67C4D008B7801 /* LeftViewController.m */,
				D40C8FFD1DE67C5C008B7801 /* RightViewController.h */,
				D40C8FFE1DE67C5C008B7801 /* RightViewController.m */,
				D40C90001DE69D63008B7801 /* CurrentInformationViewController.h */,
				D40C90011DE69D63008B7801 /* CurrentInformationViewController.m */,
			);
			name = OtherView;
			sourceTree = "<group>";
		};
/* End PBXGroup section */

/* Begin PBXNativeTarget section */
		D40C8FB01DE67415008B7801 /* JumpDemo */ = {
			isa = PBXNativeTarget;
			buildConfigurationList = D40C8FC81DE67415008B7801 /* Build configuration list for PBXNativeTarget "JumpDemo" */;
			buildPhases = (
				D40C8FAD1DE67415008B7801 /* Sources */,
				D40C8FAE1DE67415008B7801 /* Frameworks */,
				D40C8FAF1DE67415008B7801 /* Resources */,
			);
			buildRules = (
			);
			dependencies = (
			);
			name = JumpDemo;
			productName = JumpDemo;
			productReference = D40C8FB11DE67415008B7801 /* JumpDemo.app */;
			productType = "com.apple.product-type.application";
		};
/* End PBXNativeTarget section */

/* Begin PBXProject section */
		D40C8FA91DE67415008B7801 /* Project object */ = {
			isa = PBXProject;
			attributes = {
				LastUpgradeCheck = 0800;
				ORGANIZATIONNAME = "Chen Li";
				TargetAttributes = {
					D40C8FB01DE67415008B7801 = {
						CreatedOnToolsVersion = 8.0;
						ProvisioningStyle = Automatic;
					};
				};
			};
			buildConfigurationList = D40C8FAC1DE67415008B7801 /* Build configuration list for PBXProject "JumpDemo" */;
			compatibilityVersion = "Xcode 3.2";
			developmentRegion = English;
			hasScannedForEncodings = 0;
			knownRegions = (
				en,
				Base,
			);
			mainGroup = D40C8FA81DE67415008B7801;
			productRefGroup = D40C8FB21DE67415008B7801 /* Products */;
			projectDirPath = "";
			projectRoot = "";
			targets = (
				D40C8FB01DE67415008B7801 /* JumpDemo */,
			);
		};
/* End PBXProject section */

/* Begin PBXResourcesBuildPhase section */
		D40C8FAF1DE67415008B7801 /* Resources */ = {
			isa = PBXResourcesBuildPhase;
			buildActionMask = 2147483647;
			files = (
				D40C8FC41DE67415008B7801 /* LaunchScreen.storyboard in Resources */,
				D40C8FC11DE67415008B7801 /* Assets.xcassets in Resources */,
				D40C8FBF1DE67415008B7801 /* Main.storyboard in Resources */,
			);
			runOnlyForDeploymentPostprocessing = 0;
		};
/* End PBXResourcesBuildPhase section */

/* Begin PBXSourcesBuildPhase section */
		D40C8FAD1DE67415008B7801 /* Sources */ = {
			isa = PBXSourcesBuildPhase;
			buildActionMask = 2147483647;
			files = (
				D40C8FF01DE67A0E008B7801 /* JumpViewController.m in Sources */,
				D40C8FF91DE67AED008B7801 /* SecondViewController.m in Sources */,
				D40C8FBC1DE67415008B7801 /* ViewController.m in Sources */,
				D40C8FB91DE67415008B7801 /* AppDelegate.m in Sources */,
				D40C8FED1DE67836008B7801 /* LaunchViewController.m in Sources */,
				D40C8FFF1DE67C5C008B7801 /* RightViewController.m in Sources */,
				D40C8FE31DE677B7008B7801 /* MMDrawerBarButtonItem.m in Sources */,
				D40C8FE61DE677B7008B7801 /* UIViewController+MMDrawerController.m in Sources */,
				D40C8FB61DE67415008B7801 /* main.m in Sources */,
				D40C90021DE69D63008B7801 /* CurrentInformationViewController.m in Sources */,
				D40C8FF61DE67ADD008B7801 /* FirstViewController.m in Sources */,
				D40C8FE41DE677B7008B7801 /* MMDrawerController.m in Sources */,
				D40C8FD01DE67526008B7801 /* Globe.m in Sources */,
				D40C8FFC1DE67C4D008B7801 /* LeftViewController.m in Sources */,
				D40C8FF31DE67A9A008B7801 /* BasicViewController.m in Sources */,
				D40C8FE51DE677B7008B7801 /* MMDrawerVisualState.m in Sources */,
			);
			runOnlyForDeploymentPostprocessing = 0;
		};
/* End PBXSourcesBuildPhase section */

/* Begin PBXVariantGroup section */
		D40C8FBD1DE67415008B7801 /* Main.storyboard */ = {
			isa = PBXVariantGroup;
			children = (
				D40C8FBE1DE67415008B7801 /* Base */,
			);
			name = Main.storyboard;
			sourceTree = "<group>";
		};
		D40C8FC21DE67415008B7801 /* LaunchScreen.storyboard */ = {
			isa = PBXVariantGroup;
			children = (
				D40C8FC31DE67415008B7801 /* Base */,
			);
			name = LaunchScreen.storyboard;
			sourceTree = "<group>";
		};
/* End PBXVariantGroup section */

/* Begin XCBuildConfiguration section */
		D40C8FC61DE67415008B7801 /* Debug */ = {
			isa = XCBuildConfiguration;
			buildSettings = {
				ALWAYS_SEARCH_USER_PATHS = NO;
				CLANG_ANALYZER_NONNULL = YES;
				CLANG_CXX_LANGUAGE_STANDARD = "gnu++0x";
				CLANG_CXX_LIBRARY = "libc++";
				CLANG_ENABLE_MODULES = YES;
				CLANG_ENABLE_OBJC_ARC = YES;
				CLANG_WARN_BOOL_CONVERSION = YES;
				CLANG_WARN_CONSTANT_CONVERSION = YES;
				CLANG_WARN_DIRECT_OBJC_ISA_USAGE = YES_ERROR;
				CLANG_WARN_DOCUMENTATION_COMMENTS = YES;
				CLANG_WARN_EMPTY_BODY = YES;
				CLANG_WARN_ENUM_CONVERSION = YES;
				CLANG_WARN_INFINITE_RECURSION = YES;
				CLANG_WARN_INT_CONVERSION = YES;
				CLANG_WARN_OBJC_ROOT_CLASS = YES_ERROR;
				CLANG_WARN_SUSPICIOUS_MOVES = YES;
				CLANG_WARN_UNREACHABLE_CODE = YES;
				CLANG_WARN__DUPLICATE_METHOD_MATCH = YES;
				"CODE_SIGN_IDENTITY[sdk=iphoneos*]" = "iPhone Developer";
				COPY_PHASE_STRIP = NO;
				DEBUG_INFORMATION_FORMAT = dwarf;
				ENABLE_STRICT_OBJC_MSGSEND = YES;
				ENABLE_TESTABILITY = YES;
				GCC_C_LANGUAGE_STANDARD = gnu99;
				GCC_DYNAMIC_NO_PIC = NO;
				GCC_NO_COMMON_BLOCKS = YES;
				GCC_OPTIMIZATION_LEVEL = 0;
				GCC_PREPROCESSOR_DEFINITIONS = (
					"DEBUG=1",
					"$(inherited)",
				);
				GCC_WARN_64_TO_32_BIT_CONVERSION = YES;
				GCC_WARN_ABOUT_RETURN_TYPE = YES_ERROR;
				GCC_WARN_UNDECLARED_SELECTOR = YES;
				GCC_WARN_UNINITIALIZED_AUTOS = YES_AGGRESSIVE;
				GCC_WARN_UNUSED_FUNCTION = YES;
				GCC_WARN_UNUSED_VARIABLE = YES;
				IPHONEOS_DEPLOYMENT_TARGET = 10.0;
				MTL_ENABLE_DEBUG_INFO = YES;
				ONLY_ACTIVE_ARCH = YES;
				SDKROOT = iphoneos;
				TARGETED_DEVICE_FAMILY = "1,2";
			};
			name = Debug;
		};
		D40C8FC71DE67415008B7801 /* Release */ = {
			isa = XCBuildConfiguration;
			buildSettings = {
				ALWAYS_SEARCH_USER_PATHS = NO;
				CLANG_ANALYZER_NONNULL = YES;
				CLANG_CXX_LANGUAGE_STANDARD = "gnu++0x";
				CLANG_CXX_LIBRARY = "libc++";
				CLANG_ENABLE_MODULES = YES;
				CLANG_ENABLE_OBJC_ARC = YES;
				CLANG_WARN_BOOL_CONVERSION = YES;
				CLANG_WARN_CONSTANT_CONVERSION = YES;
				CLANG_WARN_DIRECT_OBJC_ISA_USAGE = YES_ERROR;
				CLANG_WARN_DOCUMENTATION_COMMENTS = YES;
				CLANG_WARN_EMPTY_BODY = YES;
				CLANG_WARN_ENUM_CONVERSION = YES;
				CLANG_WARN_INFINITE_RECURSION = YES;
				CLANG_WARN_INT_CONVERSION = YES;
				CLANG_WARN_OBJC_ROOT_CLASS = YES_ERROR;
				CLANG_WARN_SUSPICIOUS_MOVES = YES;
				CLANG_WARN_UNREACHABLE_CODE = YES;
				CLANG_WARN__DUPLICATE_METHOD_MATCH = YES;
				"CODE_SIGN_IDENTITY[sdk=iphoneos*]" = "iPhone Developer";
				COPY_PHASE_STRIP = NO;
				DEBUG_INFORMATION_FORMAT = "dwarf-with-dsym";
				ENABLE_NS_ASSERTIONS = NO;
				ENABLE_STRICT_OBJC_MSGSEND = YES;
				GCC_C_LANGUAGE_STANDARD = gnu99;
				GCC_NO_COMMON_BLOCKS = YES;
				GCC_WARN_64_TO_32_BIT_CONVERSION = YES;
				GCC_WARN_ABOUT_RETURN_TYPE = YES_ERROR;
				GCC_WARN_UNDECLARED_SELECTOR = YES;
				GCC_WARN_UNINITIALIZED_AUTOS = YES_AGGRESSIVE;
				GCC_WARN_UNUSED_FUNCTION = YES;
				GCC_WARN_UNUSED_VARIABLE = YES;
				IPHONEOS_DEPLOYMENT_TARGET = 10.0;
				MTL_ENABLE_DEBUG_INFO = NO;
				SDKROOT = iphoneos;
				TARGETED_DEVICE_FAMILY = "1,2";
				VALIDATE_PRODUCT = YES;
			};
			name = Release;
		};
		D40C8FC91DE67415008B7801 /* Debug */ = {
			isa = XCBuildConfiguration;
			buildSettings = {
				ASSETCATALOG_COMPILER_APPICON_NAME = AppIcon;
				INFOPLIST_FILE = JumpDemo/Info.plist;
				LD_RUNPATH_SEARCH_PATHS = "$(inherited) @executable_path/Frameworks";
				PRODUCT_BUNDLE_IDENTIFIER = com.LHTD.JumpDemo;
				PRODUCT_NAME = "$(TARGET_NAME)";
			};
			name = Debug;
		};
		D40C8FCA1DE67415008B7801 /* Release */ = {
			isa = XCBuildConfiguration;
			buildSettings = {
				ASSETCATALOG_COMPILER_APPICON_NAME = AppIcon;
				INFOPLIST_FILE = JumpDemo/Info.plist;
				LD_RUNPATH_SEARCH_PATHS = "$(inherited) @executable_path/Frameworks";
				PRODUCT_BUNDLE_IDENTIFIER = com.LHTD.JumpDemo;
				PRODUCT_NAME = "$(TARGET_NAME)";
			};
			name = Release;
		};
/* End XCBuildConfiguration section */

/* Begin XCConfigurationList section */
		D40C8FAC1DE67415008B7801 /* Build configuration list for PBXProject "JumpDemo" */ = {
			isa = XCConfigurationList;
			buildConfigurations = (
				D40C8FC61DE67415008B7801 /* Debug */,
				D40C8FC71DE67415008B7801 /* Release */,
			);
			defaultConfigurationIsVisible = 0;
			defaultConfigurationName = Release;
		};
		D40C8FC81DE67415008B7801 /* Build configuration list for PBXNativeTarget "JumpDemo" */ = {
			isa = XCConfigurationList;
			buildConfigurations = (
				D40C8FC91DE67415008B7801 /* Debug */,
				D40C8FCA1DE67415008B7801 /* Release */,
			);
			defaultConfigurationIsVisible = 0;
			defaultConfigurationName = Release;
		};
/* End XCConfigurationList section */
	};
	rootObject = D40C8FA91DE67415008B7801 /* Project object */;
}
